
Microsoft Visual Studio Solution File, Format Version 12.00
# Visual Studio 2012
Project("{FAE04EC0-301F-11D3-BF4B-00C04F79EFBC}") = "SamsungPass", "SamsungPass\SamsungPass.csproj", "{FA1D39AC-70C0-45F5-9659-B34C1C6BAD91}"
EndProject
Project("{FAE04EC0-301F-11D3-BF4B-00C04F79EFBC}") = "SamsungPass.Sample", "SamsungPass.Sample\SamsungPass.Sample.csproj", "{0F9100A1-5AE1-43E8-83CC-13A48F77295C}"
EndProject
Global
	GlobalSection(SolutionConfigurationPlatforms) = preSolution
		Debug|Any CPU = Debug|Any CPU
		Release|Any CPU = Release|Any CPU
	EndGlobalSection
	GlobalSection(ProjectConfigurationPlatforms) = postSolution
		{0F9100A1-5AE1-43E8-83CC-13A48F77295C}.Debug|Any CPU.ActiveCfg = Debug|Any CPU
		{0F9100A1-5AE1-43E8-83CC-13A48F77295C}.Debug|Any CPU.Build.0 = Debug|Any CPU
		{0F9100A1-5AE1-43E8-83CC-13A48F77295C}.Release|Any CPU.ActiveCfg = Release|Any CPU
		{0F9100A1-5AE1-43E8-83CC-13A48F77295C}.Release|Any CPU.Build.0 = Release|Any CPU
		{FA1D39AC-70C0-45F5-9659-B34C1C6BAD91}.Debug|Any CPU.ActiveCfg = Debug|Any CPU
		{FA1D39AC-70C0-45F5-9659-B34C1C6BAD91}.Debug|Any CPU.Build.0 = Debug|Any CPU
		{FA1D39AC-70C0-45F5-9659-B34C1C6BAD91}.Release|Any CPU.ActiveCfg = Release|Any CPU
		{FA1D39AC-70C0-45F5-9659-B34C1C6BAD91}.Release|Any CPU.Build.0 = Release|Any CPU
	EndGlobalSection
EndGlobal
